// !$*UTF8*$!
{
	archiveVersion = 1;
	classes = {
	};
	objectVersion = 46;
	objects = {

/* Begin PBXBuildFile section */
		0F88B7F9A7A8487DACCEFB28 /* libPods-TMOWebView.a in Frameworks */ = {isa = PBXBuildFile; fileRef = 90B1E08717614972AE3E9CD2 /* libPods-TMOWebView.a */; };
		630ED5A019B404BC00399467 /* Foundation.framework in Frameworks */ = {isa = PBXBuildFile; fileRef = 630ED59F19B404BC00399467 /* Foundation.framework */; };
		630ED5A219B404BC00399467 /* CoreGraphics.framework in Frameworks */ = {isa = PBXBuildFile; fileRef = 630ED5A119B404BC00399467 /* CoreGraphics.framework */; };
		630ED5A419B404BC00399467 /* UIKit.framework in Frameworks */ = {isa = PBXBuildFile; fileRef = 630ED5A319B404BC00399467 /* UIKit.framework */; };
		630ED5AA19B404BC00399467 /* InfoPlist.strings in Resources */ = {isa = PBXBuildFile; fileRef = 630ED5A819B404BC00399467 /* InfoPlist.strings */; };
		630ED5AC19B404BC00399467 /* main.m in Sources */ = {isa = PBXBuildFile; fileRef = 630ED5AB19B404BC00399467 /* main.m */; };
		630ED5B019B404BC00399467 /* DemoAppDelegate.m in Sources */ = {isa = PBXBuildFile; fileRef = 630ED5AF19B404BC00399467 /* DemoAppDelegate.m */; };
		630ED5B319B404BC00399467 /* Main.storyboard in Resources */ = {isa = PBXBuildFile; fileRef = 630ED5B119B404BC00399467 /* Main.storyboard */; };
		630ED5B619B404BC00399467 /* DemoViewController.m in Sources */ = {isa = PBXBuildFile; fileRef = 630ED5B519B404BC00399467 /* DemoViewController.m */; };
		630ED5B819B404BC00399467 /* Images.xcassets in Resources */ = {isa = PBXBuildFile; fileRef = 630ED5B719B404BC00399467 /* Images.xcassets */; };
		630ED5BF19B404BC00399467 /* XCTest.framework in Frameworks */ = {isa = PBXBuildFile; fileRef = 630ED5BE19B404BC00399467 /* XCTest.framework */; };
		630ED5C019B404BC00399467 /* Foundation.framework in Frameworks */ = {isa = PBXBuildFile; fileRef = 630ED59F19B404BC00399467 /* Foundation.framework */; };
		630ED5C119B404BC00399467 /* UIKit.framework in Frameworks */ = {isa = PBXBuildFile; fileRef = 630ED5A319B404BC00399467 /* UIKit.framework */; };
		630ED5C919B404BC00399467 /* InfoPlist.strings in Resources */ = {isa = PBXBuildFile; fileRef = 630ED5C719B404BC00399467 /* InfoPlist.strings */; };
		630ED5CB19B404BC00399467 /* TMOWebViewTests.m in Sources */ = {isa = PBXBuildFile; fileRef = 630ED5CA19B404BC00399467 /* TMOWebViewTests.m */; };
		63622D4619B40A640055FB6F /* TMOWebView.m in Sources */ = {isa = PBXBuildFile; fileRef = 63622D4519B40A640055FB6F /* TMOWebView.m */; };
		63622D4B19B40DEE0055FB6F /* TMOWebObject.m in Sources */ = {isa = PBXBuildFile; fileRef = 63622D4A19B40DEE0055FB6F /* TMOWebObject.m */; };
		63622D5119B40E0D0055FB6F /* TMOWebCall.m in Sources */ = {isa = PBXBuildFile; fileRef = 63622D5019B40E0D0055FB6F /* TMOWebCall.m */; };
		63622D5719B411750055FB6F /* TMOWebViewDelegateImplement.m in Sources */ = {isa = PBXBuildFile; fileRef = 63622D5619B411750055FB6F /* TMOWebViewDelegateImplement.m */; };
		63622D5819B422840055FB6F /* TMOWebView.js in Resources */ = {isa = PBXBuildFile; fileRef = 63622D4719B40B560055FB6F /* TMOWebView.js */; };
/* End PBXBuildFile section */

/* Begin PBXContainerItemProxy section */
		630ED5C219B404BC00399467 /* PBXContainerItemProxy */ = {
			isa = PBXContainerItemProxy;
			containerPortal = 630ED59419B404BC00399467 /* Project object */;
			proxyType = 1;
			remoteGlobalIDString = 630ED59B19B404BC00399467;
			remoteInfo = TMOWebView;
		};
/* End PBXContainerItemProxy section */

/* Begin PBXFileReference section */
		630ED59C19B404BC00399467 /* TMOWebView.app */ = {isa = PBXFileReference; explicitFileType = wrapper.application; includeInIndex = 0; path = TMOWebView.app; sourceTree = BUILT_PRODUCTS_DIR; };
		630ED59F19B404BC00399467 /* Foundation.framework */ = {isa = PBXFileReference; lastKnownFileType = wrapper.framework; name = Foundation.framework; path = System/Library/Frameworks/Foundation.framework; sourceTree = SDKROOT; };
		630ED5A119B404BC00399467 /* CoreGraphics.framework */ = {isa = PBXFileReference; lastKnownFileType = wrapper.framework; name = CoreGraphics.framework; path = System/Library/Frameworks/CoreGraphics.framework; sourceTree = SDKROOT; };
		630ED5A319B404BC00399467 /* UIKit.framework */ = {isa = PBXFileReference; lastKnownFileType = wrapper.framework; name = UIKit.framework; path = System/Library/Frameworks/UIKit.framework; sourceTree = SDKROOT; };
		630ED5A719B404BC00399467 /* TMOWebView-Info.plist */ = {isa = PBXFileReference; lastKnownFileType = text.plist.xml; path = "TMOWebView-Info.plist"; sourceTree = "<group>"; };
		630ED5A919B404BC00399467 /* en */ = {isa = PBXFileReference; lastKnownFileType = text.plist.strings; name = en; path = en.lproj/InfoPlist.strings; sourceTree = "<group>"; };
		630ED5AB19B404BC00399467 /* main.m */ = {isa = PBXFileReference; lastKnownFileType = sourcecode.c.objc; path = main.m; sourceTree = "<group>"; };
		630ED5AD19B404BC00399467 /* TMOWebView-Prefix.pch */ = {isa = PBXFileReference; lastKnownFileType = sourcecode.c.h; path = "TMOWebView-Prefix.pch"; sourceTree = "<group>"; };
		630ED5AE19B404BC00399467 /* DemoAppDelegate.h */ = {isa = PBXFileReference; lastKnownFileType = sourcecode.c.h; path = DemoAppDelegate.h; sourceTree = "<group>"; };
		630ED5AF19B404BC00399467 /* DemoAppDelegate.m */ = {isa = PBXFileReference; lastKnownFileType = sourcecode.c.objc; path = DemoAppDelegate.m; sourceTree = "<group>"; };
		630ED5B219B404BC00399467 /* Base */ = {isa = PBXFileReference; lastKnownFileType = file.storyboard; name = Base; path = Base.lproj/Main.storyboard; sourceTree = "<group>"; };
		630ED5B419B404BC00399467 /* DemoViewController.h */ = {isa = PBXFileReference; lastKnownFileType = sourcecode.c.h; path = DemoViewController.h; sourceTree = "<group>"; };
		630ED5B519B404BC00399467 /* DemoViewController.m */ = {isa = PBXFileReference; lastKnownFileType = sourcecode.c.objc; path = DemoViewController.m; sourceTree = "<group>"; };
		630ED5B719B404BC00399467 /* Images.xcassets */ = {isa = PBXFileReference; lastKnownFileType = folder.assetcatalog; path = Images.xcassets; sourceTree = "<group>"; };
		630ED5BD19B404BC00399467 /* TMOWebViewTests.xctest */ = {isa = PBXFileReference; explicitFileType = wrapper.cfbundle; includeInIndex = 0; path = TMOWebViewTests.xctest; sourceTree = BUILT_PRODUCTS_DIR; };
		630ED5BE19B404BC00399467 /* XCTest.framework */ = {isa = PBXFileReference; lastKnownFileType = wrapper.framework; name = XCTest.framework; path = Library/Frameworks/XCTest.framework; sourceTree = DEVELOPER_DIR; };
		630ED5C619B404BC00399467 /* TMOWebViewTests-Info.plist */ = {isa = PBXFileReference; lastKnownFileType = text.plist.xml; path = "TMOWebViewTests-Info.plist"; sourceTree = "<group>"; };
		630ED5C819B404BC00399467 /* en */ = {isa = PBXFileReference; lastKnownFileType = text.plist.strings; name = en; path = en.lproj/InfoPlist.strings; sourceTree = "<group>"; };
		630ED5CA19B404BC00399467 /* TMOWebViewTests.m */ = {isa = PBXFileReference; lastKnownFileType = sourcecode.c.objc; path = TMOWebViewTests.m; sourceTree = "<group>"; };
		63622D4419B40A640055FB6F /* TMOWebView.h */ = {isa = PBXFileReference; fileEncoding = 4; lastKnownFileType = sourcecode.c.h; path = TMOWebView.h; sourceTree = "<group>"; };
		63622D4519B40A640055FB6F /* TMOWebView.m */ = {isa = PBXFileReference; fileEncoding = 4; lastKnownFileType = sourcecode.c.objc; path = TMOWebView.m; sourceTree = "<group>"; };
		63622D4719B40B560055FB6F /* TMOWebView.js */ = {isa = PBXFileReference; fileEncoding = 4; lastKnownFileType = sourcecode.javascript; path = TMOWebView.js; sourceTree = "<group>"; };
		63622D4919B40DEE0055FB6F /* TMOWebObject.h */ = {isa = PBXFileReference; fileEncoding = 4; lastKnownFileType = sourcecode.c.h; path = TMOWebObject.h; sourceTree = "<group>"; };
		63622D4A19B40DEE0055FB6F /* TMOWebObject.m */ = {isa = PBXFileReference; fileEncoding = 4; lastKnownFileType = sourcecode.c.objc; path = TMOWebObject.m; sourceTree = "<group>"; };
		63622D4F19B40E0D0055FB6F /* TMOWebCall.h */ = {isa = PBXFileReference; fileEncoding = 4; lastKnownFileType = sourcecode.c.h; path = TMOWebCall.h; sourceTree = "<group>"; };
		63622D5019B40E0D0055FB6F /* TMOWebCall.m */ = {isa = PBXFileReference; fileEncoding = 4; lastKnownFileType = sourcecode.c.objc; path = TMOWebCall.m; sourceTree = "<group>"; };
		63622D5519B411750055FB6F /* TMOWebViewDelegateImplement.h */ = {isa = PBXFileReference; fileEncoding = 4; lastKnownFileType = sourcecode.c.h; path = TMOWebViewDelegateImplement.h; sourceTree = "<group>"; };
		63622D5619B411750055FB6F /* TMOWebViewDelegateImplement.m */ = {isa = PBXFileReference; fileEncoding = 4; lastKnownFileType = sourcecode.c.objc; path = TMOWebViewDelegateImplement.m; sourceTree = "<group>"; };
		90B1E08717614972AE3E9CD2 /* libPods-TMOWebView.a */ = {isa = PBXFileReference; explicitFileType = archive.ar; includeInIndex = 0; path = "libPods-TMOWebView.a"; sourceTree = BUILT_PRODUCTS_DIR; };
		DD327FC1F81A4E7A9419C4F7 /* Pods-TMOWebView.xcconfig */ = {isa = PBXFileReference; includeInIndex = 1; lastKnownFileType = text.xcconfig; name = "Pods-TMOWebView.xcconfig"; path = "Pods/Pods-TMOWebView.xcconfig"; sourceTree = "<group>"; };
/* End PBXFileReference section */

/* Begin PBXFrameworksBuildPhase section */
		630ED59919B404BC00399467 /* Frameworks */ = {
			isa = PBXFrameworksBuildPhase;
			buildActionMask = 2147483647;
			files = (
				630ED5A219B404BC00399467 /* CoreGraphics.framework in Frameworks */,
				630ED5A419B404BC00399467 /* UIKit.framework in Frameworks */,
				630ED5A019B404BC00399467 /* Foundation.framework in Frameworks */,
				0F88B7F9A7A8487DACCEFB28 /* libPods-TMOWebView.a in Frameworks */,
			);
			runOnlyForDeploymentPostprocessing = 0;
		};
		630ED5BA19B404BC00399467 /* Frameworks */ = {
			isa = PBXFrameworksBuildPhase;
			buildActionMask = 2147483647;
			files = (
				630ED5BF19B404BC00399467 /* XCTest.framework in Frameworks */,
				630ED5C119B404BC00399467 /* UIKit.framework in Frameworks */,
				630ED5C019B404BC00399467 /* Foundation.framework in Frameworks */,
			);
			runOnlyForDeploymentPostprocessing = 0;
		};
/* End PBXFrameworksBuildPhase section */

/* Begin PBXGroup section */
		630ED59319B404BC00399467 = {
			isa = PBXGroup;
			children = (
				630ED5D419B406FC00399467 /* Src */,
				630ED5A519B404BC00399467 /* TMOWebView */,
				630ED5C419B404BC00399467 /* TMOWebViewTests */,
				630ED59E19B404BC00399467 /* Frameworks */,
				630ED59D19B404BC00399467 /* Products */,
				DD327FC1F81A4E7A9419C4F7 /* Pods-TMOWebView.xcconfig */,
			);
			sourceTree = "<group>";
		};
		630ED59D19B404BC00399467 /* Products */ = {
			isa = PBXGroup;
			children = (
				630ED59C19B404BC00399467 /* TMOWebView.app */,
				630ED5BD19B404BC00399467 /* TMOWebViewTests.xctest */,
			);
			name = Products;
			sourceTree = "<group>";
		};
		630ED59E19B404BC00399467 /* Frameworks */ = {
			isa = PBXGroup;
			children = (
				630ED59F19B404BC00399467 /* Foundation.framework */,
				630ED5A119B404BC00399467 /* CoreGraphics.framework */,
				630ED5A319B404BC00399467 /* UIKit.framework */,
				630ED5BE19B404BC00399467 /* XCTest.framework */,
				90B1E08717614972AE3E9CD2 /* libPods-TMOWebView.a */,
			);
			name = Frameworks;
			sourceTree = "<group>";
		};
		630ED5A519B404BC00399467 /* TMOWebView */ = {
			isa = PBXGroup;
			children = (
				630ED5AE19B404BC00399467 /* DemoAppDelegate.h */,
				630ED5AF19B404BC00399467 /* DemoAppDelegate.m */,
				630ED5B119B404BC00399467 /* Main.storyboard */,
				630ED5B419B404BC00399467 /* DemoViewController.h */,
				630ED5B519B404BC00399467 /* DemoViewController.m */,
				630ED5B719B404BC00399467 /* Images.xcassets */,
				630ED5A619B404BC00399467 /* Supporting Files */,
			);
			path = TMOWebView;
			sourceTree = "<group>";
		};
		630ED5A619B404BC00399467 /* Supporting Files */ = {
			isa = PBXGroup;
			children = (
				630ED5A719B404BC00399467 /* TMOWebView-Info.plist */,
				630ED5A819B404BC00399467 /* InfoPlist.strings */,
				630ED5AB19B404BC00399467 /* main.m */,
				630ED5AD19B404BC00399467 /* TMOWebView-Prefix.pch */,
			);
			name = "Supporting Files";
			sourceTree = "<group>";
		};
		630ED5C419B404BC00399467 /* TMOWebViewTests */ = {
			isa = PBXGroup;
			children = (
				630ED5CA19B404BC00399467 /* TMOWebViewTests.m */,
				630ED5C519B404BC00399467 /* Supporting Files */,
			);
			path = TMOWebViewTests;
			sourceTree = "<group>";
		};
		630ED5C519B404BC00399467 /* Supporting Files */ = {
			isa = PBXGroup;
			children = (
				630ED5C619B404BC00399467 /* TMOWebViewTests-Info.plist */,
				630ED5C719B404BC00399467 /* InfoPlist.strings */,
			);
			name = "Supporting Files";
			sourceTree = "<group>";
		};
		630ED5D419B406FC00399467 /* Src */ = {
			isa = PBXGroup;
			children = (
				63622D4419B40A640055FB6F /* TMOWebView.h */,
				63622D4519B40A640055FB6F /* TMOWebView.m */,
				63622D4719B40B560055FB6F /* TMOWebView.js */,
				63622D4919B40DEE0055FB6F /* TMOWebObject.h */,
				63622D4A19B40DEE0055FB6F /* TMOWebObject.m */,
				63622D4F19B40E0D0055FB6F /* TMOWebCall.h */,
				63622D5019B40E0D0055FB6F /* TMOWebCall.m */,
				63622D5519B411750055FB6F /* TMOWebViewDelegateImplement.h */,
				63622D5619B411750055FB6F /* TMOWebViewDelegateImplement.m */,
			);
			path = Src;
			sourceTree = "<group>";
		};
/* End PBXGroup section */

/* Begin PBXNativeTarget section */
		630ED59B19B404BC00399467 /* TMOWebView */ = {
			isa = PBXNativeTarget;
			buildConfigurationList = 630ED5CE19B404BC00399467 /* Build configuration list for PBXNativeTarget "TMOWebView" */;
			buildPhases = (
				E905A5D423224474A6BD9E09 /* Check Pods Manifest.lock */,
				630ED59819B404BC00399467 /* Sources */,
				630ED59919B404BC00399467 /* Frameworks */,
				630ED59A19B404BC00399467 /* Resources */,
				0136665385EF4E86BA1F490A /* Copy Pods Resources */,
			);
			buildRules = (
			);
			dependencies = (
			);
			name = TMOWebView;
			productName = TMOWebView;
			productReference = 630ED59C19B404BC00399467 /* TMOWebView.app */;
			productType = "com.apple.product-type.application";
		};
		630ED5BC19B404BC00399467 /* TMOWebViewTests */ = {
			isa = PBXNativeTarget;
			buildConfigurationList = 630ED5D119B404BC00399467 /* Build configuration list for PBXNativeTarget "TMOWebViewTests" */;
			buildPhases = (
				630ED5B919B404BC00399467 /* Sources */,
				630ED5BA19B404BC00399467 /* Frameworks */,
				630ED5BB19B404BC00399467 /* Resources */,
			);
			buildRules = (
			);
			dependencies = (
				630ED5C319B404BC00399467 /* PBXTargetDependency */,
			);
			name = TMOWebViewTests;
			productName = TMOWebViewTests;
			productReference = 630ED5BD19B404BC00399467 /* TMOWebViewTests.xctest */;
			productType = "com.apple.product-type.bundle.unit-test";
		};
/* End PBXNativeTarget section */

/* Begin PBXProject section */
		630ED59419B404BC00399467 /* Project object */ = {
			isa = PBXProject;
			attributes = {
				CLASSPREFIX = Demo;
				LastUpgradeCheck = 0510;
				ORGANIZATIONNAME = "多玩事业部 iOS开发组";
				TargetAttributes = {
					630ED5BC19B404BC00399467 = {
						TestTargetID = 630ED59B19B404BC00399467;
					};
				};
			};
			buildConfigurationList = 630ED59719B404BC00399467 /* Build configuration list for PBXProject "TMOWebView" */;
			compatibilityVersion = "Xcode 3.2";
			developmentRegion = English;
			hasScannedForEncodings = 0;
			knownRegions = (
				en,
				Base,
			);
			mainGroup = 630ED59319B404BC00399467;
			productRefGroup = 630ED59D19B404BC00399467 /* Products */;
			projectDirPath = "";
			projectRoot = "";
			targets = (
				630ED59B19B404BC00399467 /* TMOWebView */,
				630ED5BC19B404BC00399467 /* TMOWebViewTests */,
			);
		};
/* End PBXProject section */

/* Begin PBXResourcesBuildPhase section */
		630ED59A19B404BC00399467 /* Resources */ = {
			isa = PBXResourcesBuildPhase;
			buildActionMask = 2147483647;
			files = (
				63622D5819B422840055FB6F /* TMOWebView.js in Resources */,
				630ED5B819B404BC00399467 /* Images.xcassets in Resources */,
				630ED5AA19B404BC00399467 /* InfoPlist.strings in Resources */,
				630ED5B319B404BC00399467 /* Main.storyboard in Resources */,
			);
			runOnlyForDeploymentPostprocessing = 0;
		};
		630ED5BB19B404BC00399467 /* Resources */ = {
			isa = PBXResourcesBuildPhase;
			buildActionMask = 2147483647;
			files = (
				630ED5C919B404BC00399467 /* InfoPlist.strings in Resources */,
			);
			runOnlyForDeploymentPostprocessing = 0;
		};
/* End PBXResourcesBuildPhase section */

/* Begin PBXShellScriptBuildPhase section */
		0136665385EF4E86BA1F490A /* Copy Pods Resources */ = {
			isa = PBXShellScriptBuildPhase;
			buildActionMask = 2147483647;
			files = (
			);
			inputPaths = (
			);
			name = "Copy Pods Resources";
			outputPaths = (
			);
			runOnlyForDeploymentPostprocessing = 0;
			shellPath = /bin/sh;
			shellScript = "\"${SRCROOT}/Pods/Pods-TMOWebView-resources.sh\"\n";
			showEnvVarsInLog = 0;
		};
		E905A5D423224474A6BD9E09 /* Check Pods Manifest.lock */ = {
			isa = PBXShellScriptBuildPhase;
			buildActionMask = 2147483647;
			files = (
			);
			inputPaths = (
			);
			name = "Check Pods Manifest.lock";
			outputPaths = (
			);
			runOnlyForDeploymentPostprocessing = 0;
			shellPath = /bin/sh;
			shellScript = "diff \"${PODS_ROOT}/../Podfile.lock\" \"${PODS_ROOT}/Manifest.lock\" > /dev/null\nif [[ $? != 0 ]] ; then\n    cat << EOM\nerror: The sandbox is not in sync with the Podfile.lock. Run 'pod install' or update your CocoaPods installation.\nEOM\n    exit 1\nfi\n";
			showEnvVarsInLog = 0;
		};
/* End PBXShellScriptBuildPhase section */

/* Begin PBXSourcesBuildPhase section */
		630ED59819B404BC00399467 /* Sources */ = {
			isa = PBXSourcesBuildPhase;
			buildActionMask = 2147483647;
			files = (
				63622D4619B40A640055FB6F /* TMOWebView.m in Sources */,
				630ED5B619B404BC00399467 /* DemoViewController.m in Sources */,
				630ED5AC19B404BC00399467 /* main.m in Sources */,
				63622D4B19B40DEE0055FB6F /* TMOWebObject.m in Sources */,
				63622D5119B40E0D0055FB6F /* TMOWebCall.m in Sources */,
				630ED5B019B404BC00399467 /* DemoAppDelegate.m in Sources */,
				63622D5719B411750055FB6F /* TMOWebViewDelegateImplement.m in Sources */,
			);
			runOnlyForDeploymentPostprocessing = 0;
		};
		630ED5B919B404BC00399467 /* Sources */ = {
			isa = PBXSourcesBuildPhase;
			buildActionMask = 2147483647;
			files = (
				630ED5CB19B404BC00399467 /* TMOWebViewTests.m in Sources */,
			);
			runOnlyForDeploymentPostprocessing = 0;
		};
/* End PBXSourcesBuildPhase section */

/* Begin PBXTargetDependency section */
		630ED5C319B404BC00399467 /* PBXTargetDependency */ = {
			isa = PBXTargetDependency;
			target = 630ED59B19B404BC00399467 /* TMOWebView */;
			targetProxy = 630ED5C219B404BC00399467 /* PBXContainerItemProxy */;
		};
/* End PBXTargetDependency section */

/* Begin PBXVariantGroup section */
		630ED5A819B404BC00399467 /* InfoPlist.strings */ = {
			isa = PBXVariantGroup;
			children = (
				630ED5A919B404BC00399467 /* en */,
			);
			name = InfoPlist.strings;
			sourceTree = "<group>";
		};
		630ED5B119B404BC00399467 /* Main.storyboard */ = {
			isa = PBXVariantGroup;
			children = (
				630ED5B219B404BC00399467 /* Base */,
			);
			name = Main.storyboard;
			sourceTree = "<group>";
		};
		630ED5C719B404BC00399467 /* InfoPlist.strings */ = {
			isa = PBXVariantGroup;
			children = (
				630ED5C819B404BC00399467 /* en */,
			);
			name = InfoPlist.strings;
			sourceTree = "<group>";
		};
/* End PBXVariantGroup section */

/* Begin XCBuildConfiguration section */
		630ED5CC19B404BC00399467 /* Debug */ = {
			isa = XCBuildConfiguration;
			buildSettings = {
				ALWAYS_SEARCH_USER_PATHS = NO;
				CLANG_CXX_LANGUAGE_STANDARD = "gnu++0x";
				CLANG_CXX_LIBRARY = "libc++";
				CLANG_ENABLE_MODULES = YES;
				CLANG_ENABLE_OBJC_ARC = YES;
				CLANG_WARN_BOOL_CONVERSION = YES;
				CLANG_WARN_CONSTANT_CONVERSION = YES;
				CLANG_WARN_DIRECT_OBJC_ISA_USAGE = YES_ERROR;
				CLANG_WARN_EMPTY_BODY = YES;
				CLANG_WARN_ENUM_CONVERSION = YES;
				CLANG_WARN_INT_CONVERSION = YES;
				CLANG_WARN_OBJC_ROOT_CLASS = YES_ERROR;
				CLANG_WARN__DUPLICATE_METHOD_MATCH = YES;
				"CODE_SIGN_IDENTITY[sdk=iphoneos*]" = "iPhone Developer";
				COPY_PHASE_STRIP = NO;
				GCC_C_LANGUAGE_STANDARD = gnu99;
				GCC_DYNAMIC_NO_PIC = NO;
				GCC_OPTIMIZATION_LEVEL = 0;
				GCC_PREPROCESSOR_DEFINITIONS = (
					"DEBUG=1",
					"$(inherited)",
				);
				GCC_SYMBOLS_PRIVATE_EXTERN = NO;
				GCC_WARN_64_TO_32_BIT_CONVERSION = YES;
				GCC_WARN_ABOUT_RETURN_TYPE = YES_ERROR;
				GCC_WARN_UNDECLARED_SELECTOR = YES;
				GCC_WARN_UNINITIALIZED_AUTOS = YES_AGGRESSIVE;
				GCC_WARN_UNUSED_FUNCTION = YES;
				GCC_WARN_UNUSED_VARIABLE = YES;
				IPHONEOS_DEPLOYMENT_TARGET = 7.1;
				ONLY_ACTIVE_ARCH = YES;
				SDKROOT = iphoneos;
			};
			name = Debug;
		};
		630ED5CD19B404BC00399467 /* Release */ = {
			isa = XCBuildConfiguration;
			buildSettings = {
				ALWAYS_SEARCH_USER_PATHS = NO;
				CLANG_CXX_LANGUAGE_STANDARD = "gnu++0x";
				CLANG_CXX_LIBRARY = "libc++";
				CLANG_ENABLE_MODULES = YES;
				CLANG_ENABLE_OBJC_ARC = YES;
				CLANG_WARN_BOOL_CONVERSION = YES;
				CLANG_WARN_CONSTANT_CONVERSION = YES;
				CLANG_WARN_DIRECT_OBJC_ISA_USAGE = YES_ERROR;
				CLANG_WARN_EMPTY_BODY = YES;
				CLANG_WARN_ENUM_CONVERSION = YES;
				CLANG_WARN_INT_CONVERSION = YES;
				CLANG_WARN_OBJC_ROOT_CLASS = YES_ERROR;
				CLANG_WARN__DUPLICATE_METHOD_MATCH = YES;
				"CODE_SIGN_IDENTITY[sdk=iphoneos*]" = "iPhone Developer";
				COPY_PHASE_STRIP = YES;
				ENABLE_NS_ASSERTIONS = NO;
				GCC_C_LANGUAGE_STANDARD = gnu99;
				GCC_WARN_64_TO_32_BIT_CONVERSION = YES;
				GCC_WARN_ABOUT_RETURN_TYPE = YES_ERROR;
				GCC_WARN_UNDECLARED_SELECTOR = YES;
				GCC_WARN_UNINITIALIZED_AUTOS = YES_AGGRESSIVE;
				GCC_WARN_UNUSED_FUNCTION = YES;
				GCC_WARN_UNUSED_VARIABLE = YES;
				IPHONEOS_DEPLOYMENT_TARGET = 7.1;
				SDKROOT = iphoneos;
				VALIDATE_PRODUCT = YES;
			};
			name = Release;
		};
		630ED5CF19B404BC00399467 /* Debug */ = {
			isa = XCBuildConfiguration;
			baseConfigurationReference = DD327FC1F81A4E7A9419C4F7 /* Pods-TMOWebView.xcconfig */;
			buildSettings = {
				ASSETCATALOG_COMPILER_APPICON_NAME = AppIcon;
				ASSETCATALOG_COMPILER_LAUNCHIMAGE_NAME = LaunchImage;
				GCC_PRECOMPILE_PREFIX_HEADER = YES;
				GCC_PREFIX_HEADER = "TMOWebView/TMOWebView-Prefix.pch";
				INFOPLIST_FILE = "TMOWebView/TMOWebView-Info.plist";
				IPHONEOS_DEPLOYMENT_TARGET = 6.0;
				PRODUCT_NAME = "$(TARGET_NAME)";
				WRAPPER_EXTENSION = app;
			};
			name = Debug;
		};
		630ED5D019B404BC00399467 /* Release */ = {
			isa = XCBuildConfiguration;
			baseConfigurationReference = DD327FC1F81A4E7A9419C4F7 /* Pods-TMOWebView.xcconfig */;
			buildSettings = {
				ASSETCATALOG_COMPILER_APPICON_NAME = AppIcon;
				ASSETCATALOG_COMPILER_LAUNCHIMAGE_NAME = LaunchImage;
				GCC_PRECOMPILE_PREFIX_HEADER = YES;
				GCC_PREFIX_HEADER = "TMOWebView/TMOWebView-Prefix.pch";
				INFOPLIST_FILE = "TMOWebView/TMOWebView-Info.plist";
				IPHONEOS_DEPLOYMENT_TARGET = 6.0;
				PRODUCT_NAME = "$(TARGET_NAME)";
				WRAPPER_EXTENSION = app;
			};
			name = Release;
		};
		630ED5D219B404BC00399467 /* Debug */ = {
			isa = XCBuildConfiguration;
			buildSettings = {
				BUNDLE_LOADER = "$(BUILT_PRODUCTS_DIR)/TMOWebView.app/TMOWebView";
				FRAMEWORK_SEARCH_PATHS = (
					"$(SDKROOT)/Developer/Library/Frameworks",
					"$(inherited)",
					"$(DEVELOPER_FRAMEWORKS_DIR)",
				);
				GCC_PRECOMPILE_PREFIX_HEADER = YES;
				GCC_PREFIX_HEADER = "TMOWebView/TMOWebView-Prefix.pch";
				GCC_PREPROCESSOR_DEFINITIONS = (
					"DEBUG=1",
					"$(inherited)",
				);
				INFOPLIST_FILE = "TMOWebViewTests/TMOWebViewTests-Info.plist";
				PRODUCT_NAME = "$(TARGET_NAME)";
				TEST_HOST = "$(BUNDLE_LOADER)";
				WRAPPER_EXTENSION = xctest;
			};
			name = Debug;
		};
		630ED5D319B404BC00399467 /* Release */ = {
			isa = XCBuildConfiguration;
			buildSettings = {
				BUNDLE_LOADER = "$(BUILT_PRODUCTS_DIR)/TMOWebView.app/TMOWebView";
				FRAMEWORK_SEARCH_PATHS = (
					"$(SDKROOT)/Developer/Library/Frameworks",
					"$(inherited)",
					"$(DEVELOPER_FRAMEWORKS_DIR)",
				);
				GCC_PRECOMPILE_PREFIX_HEADER = YES;
				GCC_PREFIX_HEADER = "TMOWebView/TMOWebView-Prefix.pch";
				INFOPLIST_FILE = "TMOWebViewTests/TMOWebViewTests-Info.plist";
				PRODUCT_NAME = "$(TARGET_NAME)";
				TEST_HOST = "$(BUNDLE_LOADER)";
				WRAPPER_EXTENSION = xctest;
			};
			name = Release;
		};
/* End XCBuildConfiguration section */

/* Begin XCConfigurationList section */
		630ED59719B404BC00399467 /* Build configuration list for PBXProject "TMOWebView" */ = {
			isa = XCConfigurationList;
			buildConfigurations = (
				630ED5CC19B404BC00399467 /* Debug */,
				630ED5CD19B404BC00399467 /* Release */,
			);
			defaultConfigurationIsVisible = 0;
			defaultConfigurationName = Release;
		};
		630ED5CE19B404BC00399467 /* Build configuration list for PBXNativeTarget "TMOWebView" */ = {
			isa = XCConfigurationList;
			buildConfigurations = (
				630ED5CF19B404BC00399467 /* Debug */,
				630ED5D019B404BC00399467 /* Release */,
			);
			defaultConfigurationIsVisible = 0;
			defaultConfigurationName = Release;
		};
		630ED5D119B404BC00399467 /* Build configuration list for PBXNativeTarget "TMOWebViewTests" */ = {
			isa = XCConfigurationList;
			buildConfigurations = (
				630ED5D219B404BC00399467 /* Debug */,
				630ED5D319B404BC00399467 /* Release */,
			);
			defaultConfigurationIsVisible = 0;
			defaultConfigurationName = Release;
		};
/* End XCConfigurationList section */
	};
	rootObject = 630ED59419B404BC00399467 /* Project object */;
}
